
Microsoft Visual Studio Solution File, Format Version 12.00
# Visual Studio Version 17
VisualStudioVersion = 17.0.32014.148
MinimumVisualStudioVersion = 10.0.40219.1
Project("{FAE04EC0-301F-11D3-BF4B-00C04F79EFBC}") = "USP_Hydrology", "DMP_Hydrology\USP_Hydrology.csproj", "{E7253363-E67B-4CCC-B4F1-BF619ADF6577}"
EndProject
Project("{FAE04EC0-301F-11D3-BF4B-00C04F79EFBC}") = "PLASH_Calibration", "PLASH_Calibration\PLASH_Calibration.csproj", "{D6413EA2-6D0E-4613-A684-F73184FE4F5E}"
EndProject
Project("{FAE04EC0-301F-11D3-BF4B-00C04F79EFBC}") = "PLASH_Simulation", "PLASH_Simulation\PLASH_Simulation.csproj", "{60B6A455-6BF4-42AD-8D40-1B2098613818}"
EndProject
Project("{FAE04EC0-301F-11D3-BF4B-00C04F79EFBC}") = "PrecipitationProcess", "PrecipitationProcess\PrecipitationProcess.csproj", "{A1BC928B-27E8-4D77-AFEF-8A66AF13D057}"
EndProject
Project("{FAE04EC0-301F-11D3-BF4B-00C04F79EFBC}") = "LoadGen_Simulation", "LoadGen_Simulation\LoadGen_Simulation.csproj", "{409538C7-E570-4CBF-89DF-6DADDE114788}"
EndProject
Project("{FAE04EC0-301F-11D3-BF4B-00C04F79EFBC}") = "PLASH_Calibration_v1", "PLASH_Calibration_v1\PLASH_Calibration_v1.csproj", "{AD4CB162-2C9B-4F22-82DD-E3CC2AD4A294}"
EndProject
Project("{FAE04EC0-301F-11D3-BF4B-00C04F79EFBC}") = "SMAPSimulation", "SMAPSimulation\SMAPSimulation.csproj", "{73A0D73E-33AA-491F-B80D-5F36B6E77340}"
EndProject
Project("{FAE04EC0-301F-11D3-BF4B-00C04F79EFBC}") = "PrototypeWatershedSimulation", "PrototypeWatershedSimulation\PrototypeWatershedSimulation.csproj", "{CCCA3428-8194-4D8E-AB6D-C626F7E1BB7B}"
EndProject
Project("{9A19103F-16F7-4668-BE54-9A1E7A4F7556}") = "BuildupWashoffAnalysis_OLD", "BuildupWashoffAnalysis\BuildupWashoffAnalysis_OLD.csproj", "{71C74DF2-4ACE-4F16-8E00-6FDA828C95BB}"
EndProject
Project("{FAE04EC0-301F-11D3-BF4B-00C04F79EFBC}") = "BuildupWashoffAnalysis_NetFramework", "BuildupWashoffAnalysis_NetFramework\BuildupWashoffAnalysis_NetFramework.csproj", "{6412E162-A7C9-4585-A23F-D1534E93A577}"
EndProject
Project("{FAE04EC0-301F-11D3-BF4B-00C04F79EFBC}") = "WaterQualitySimulation", "WaterQualitySimulation\WaterQualitySimulation.csproj", "{A1E788A4-6BFB-404A-AC20-EAE4E1A1E0E3}"
EndProject
Global
	GlobalSection(SolutionConfigurationPlatforms) = preSolution
		Debug|Any CPU = Debug|Any CPU
		Release|Any CPU = Release|Any CPU
	EndGlobalSection
	GlobalSection(ProjectConfigurationPlatforms) = postSolution
		{E7253363-E67B-4CCC-B4F1-BF619ADF6577}.Debug|Any CPU.ActiveCfg = Debug|Any CPU
		{E7253363-E67B-4CCC-B4F1-BF619ADF6577}.Debug|Any CPU.Build.0 = Debug|Any CPU
		{E7253363-E67B-4CCC-B4F1-BF619ADF6577}.Release|Any CPU.ActiveCfg = Release|Any CPU
		{E7253363-E67B-4CCC-B4F1-BF619ADF6577}.Release|Any CPU.Build.0 = Release|Any CPU
		{D6413EA2-6D0E-4613-A684-F73184FE4F5E}.Debug|Any CPU.ActiveCfg = Debug|Any CPU
		{D6413EA2-6D0E-4613-A684-F73184FE4F5E}.Debug|Any CPU.Build.0 = Debug|Any CPU
		{D6413EA2-6D0E-4613-A684-F73184FE4F5E}.Release|Any CPU.ActiveCfg = Release|Any CPU
		{D6413EA2-6D0E-4613-A684-F73184FE4F5E}.Release|Any CPU.Build.0 = Release|Any CPU
		{60B6A455-6BF4-42AD-8D40-1B2098613818}.Debug|Any CPU.ActiveCfg = Debug|Any CPU
		{60B6A455-6BF4-42AD-8D40-1B2098613818}.Debug|Any CPU.Build.0 = Debug|Any CPU
		{60B6A455-6BF4-42AD-8D40-1B2098613818}.Release|Any CPU.ActiveCfg = Release|Any CPU
		{60B6A455-6BF4-42AD-8D40-1B2098613818}.Release|Any CPU.Build.0 = Release|Any CPU
		{A1BC928B-27E8-4D77-AFEF-8A66AF13D057}.Debug|Any CPU.ActiveCfg = Debug|Any CPU
		{A1BC928B-27E8-4D77-AFEF-8A66AF13D057}.Debug|Any CPU.Build.0 = Debug|Any CPU
		{A1BC928B-27E8-4D77-AFEF-8A66AF13D057}.Release|Any CPU.ActiveCfg = Release|Any CPU
		{A1BC928B-27E8-4D77-AFEF-8A66AF13D057}.Release|Any CPU.Build.0 = Release|Any CPU
		{409538C7-E570-4CBF-89DF-6DADDE114788}.Debug|Any CPU.ActiveCfg = Debug|Any CPU
		{409538C7-E570-4CBF-89DF-6DADDE114788}.Debug|Any CPU.Build.0 = Debug|Any CPU
		{409538C7-E570-4CBF-89DF-6DADDE114788}.Release|Any CPU.ActiveCfg = Release|Any CPU
		{409538C7-E570-4CBF-89DF-6DADDE114788}.Release|Any CPU.Build.0 = Release|Any CPU
		{AD4CB162-2C9B-4F22-82DD-E3CC2AD4A294}.Debug|Any CPU.ActiveCfg = Debug|Any CPU
		{AD4CB162-2C9B-4F22-82DD-E3CC2AD4A294}.Debug|Any CPU.Build.0 = Debug|Any CPU
		{AD4CB162-2C9B-4F22-82DD-E3CC2AD4A294}.Release|Any CPU.ActiveCfg = Release|Any CPU
		{AD4CB162-2C9B-4F22-82DD-E3CC2AD4A294}.Release|Any CPU.Build.0 = Release|Any CPU
		{73A0D73E-33AA-491F-B80D-5F36B6E77340}.Debug|Any CPU.ActiveCfg = Debug|Any CPU
		{73A0D73E-33AA-491F-B80D-5F36B6E77340}.Debug|Any CPU.Build.0 = Debug|Any CPU
		{73A0D73E-33AA-491F-B80D-5F36B6E77340}.Release|Any CPU.ActiveCfg = Release|Any CPU
		{73A0D73E-33AA-491F-B80D-5F36B6E77340}.Release|Any CPU.Build.0 = Release|Any CPU
		{CCCA3428-8194-4D8E-AB6D-C626F7E1BB7B}.Debug|Any CPU.ActiveCfg = Debug|Any CPU
		{CCCA3428-8194-4D8E-AB6D-C626F7E1BB7B}.Debug|Any CPU.Build.0 = Debug|Any CPU
		{CCCA3428-8194-4D8E-AB6D-C626F7E1BB7B}.Release|Any CPU.ActiveCfg = Release|Any CPU
		{CCCA3428-8194-4D8E-AB6D-C626F7E1BB7B}.Release|Any CPU.Build.0 = Release|Any CPU
		{71C74DF2-4ACE-4F16-8E00-6FDA828C95BB}.Debug|Any CPU.ActiveCfg = Debug|Any CPU
		{71C74DF2-4ACE-4F16-8E00-6FDA828C95BB}.Debug|Any CPU.Build.0 = Debug|Any CPU
		{71C74DF2-4ACE-4F16-8E00-6FDA828C95BB}.Release|Any CPU.ActiveCfg = Release|Any CPU
		{71C74DF2-4ACE-4F16-8E00-6FDA828C95BB}.Release|Any CPU.Build.0 = Release|Any CPU
		{6412E162-A7C9-4585-A23F-D1534E93A577}.Debug|Any CPU.ActiveCfg = Debug|Any CPU
		{6412E162-A7C9-4585-A23F-D1534E93A577}.Debug|Any CPU.Build.0 = Debug|Any CPU
		{6412E162-A7C9-4585-A23F-D1534E93A577}.Release|Any CPU.ActiveCfg = Release|Any CPU
		{6412E162-A7C9-4585-A23F-D1534E93A577}.Release|Any CPU.Build.0 = Release|Any CPU
		{A1E788A4-6BFB-404A-AC20-EAE4E1A1E0E3}.Debug|Any CPU.ActiveCfg = Debug|Any CPU
		{A1E788A4-6BFB-404A-AC20-EAE4E1A1E0E3}.Debug|Any CPU.Build.0 = Debug|Any CPU
		{A1E788A4-6BFB-404A-AC20-EAE4E1A1E0E3}.Release|Any CPU.ActiveCfg = Release|Any CPU
		{A1E788A4-6BFB-404A-AC20-EAE4E1A1E0E3}.Release|Any CPU.Build.0 = Release|Any CPU
	EndGlobalSection
	GlobalSection(SolutionProperties) = preSolution
		HideSolutionNode = FALSE
	EndGlobalSection
	GlobalSection(ExtensibilityGlobals) = postSolution
		SolutionGuid = {23993D42-6E77-42E8-A054-5C421187115C}
	EndGlobalSection
EndGlobal
